schema = "reprobuild.solved-graph-lock.v2"

[lock]
platform = "amd64-linux"
optimal = false
inputs_digest = "fnv1a64:d07eac0ff29e8d35"
variants = []
packages = [{ name = "basename", version = "1.0.0", source = "basename", selection = "selected" }, { name = "chmod", version = "1.0.0", source = "chmod", selection = "selected" }, { name = "codetracer_wasm_recorder", version = "0.1.0", source = "codetracer_wasm_recorder", selection = "selected" }, { name = "cp", version = "1.0.0", source = "cp", selection = "selected" }, { name = "dirname", version = "1.0.0", source = "dirname", selection = "selected" }, { name = "find", version = "1.0.0", source = "find", selection = "selected" }, { name = "go", version = "1.22.0", source = "go", selection = "selected" }, { name = "grep", version = "1.0.0", source = "grep", selection = "selected" }, { name = "head", version = "1.0.0", source = "head", selection = "selected" }, { name = "mkdir", version = "1.0.0", source = "mkdir", selection = "selected" }, { name = "mktemp", version = "1.0.0", source = "mktemp", selection = "selected" }, { name = "mv", version = "1.0.0", source = "mv", selection = "selected" }, { name = "od", version = "1.0.0", source = "od", selection = "selected" }, { name = "patchelf", version = "1.0.0", source = "patchelf", selection = "selected" }, { name = "readelf", version = "1.0.0", source = "readelf", selection = "selected" }, { name = "readlink", version = "1.0.0", source = "readlink", selection = "selected" }, { name = "rm", version = "1.0.0", source = "rm", selection = "selected" }, { name = "sed", version = "1.0.0", source = "sed", selection = "selected" }, { name = "sh", version = "1.0.0", source = "sh", selection = "selected" }, { name = "sort", version = "1.0.0", source = "sort", selection = "selected" }, { name = "touch", version = "1.0.0", source = "touch", selection = "selected" }, { name = "tr", version = "1.0.0", source = "tr", selection = "selected" }, { name = "wc", version = "1.0.0", source = "wc", selection = "selected" }]
deps = [{ name = "codetracer-wasm-recorder", path = ".", coord_kind = "vcs", url = "https://github.com/metacraft-labs/codetracer-wasm-recorder", ref = "dev", revision = "04e0a3ea9fb9433398700ed38c429640ce70de0d", integrity = "git-sha1:04e0a3ea9fb9433398700ed38c429640ce70de0d", version = "", visibility = "public", participation = "", depends = "", tags = "" }]
