schema = "reprobuild.solved-graph-lock.v2"

[lock]
platform = "amd64-linux"
optimal = false
inputs_digest = "fnv1a64:d07eac0ff29e8d35"
variants = []
packages = [{ name = "basename", version = "1.0.0", source = "basename", selection = "selected" }, { name = "chmod", version = "1.0.0", source = "chmod", selection = "selected" }, { name = "codetracer_wasm_recorder", version = "0.1.0", source = "codetracer_wasm_recorder", selection = "selected" }, { name = "cp", version = "1.0.0", source = "cp", selection = "selected" }, { name = "dirname", version = "1.0.0", source = "dirname", selection = "selected" }, { name = "find", version = "1.0.0", source = "find", selection = "selected" }, { name = "go", version = "1.22.0", source = "go", selection = "selected" }, { name = "grep", version = "1.0.0", source = "grep", selection = "selected" }, { name = "head", version = "1.0.0", source = "head", selection = "selected" }, { name = "mkdir", version = "1.0.0", source = "mkdir", selection = "selected" }, { name = "mktemp", version = "1.0.0", source = "mktemp", selection = "selected" }, { name = "mv", version = "1.0.0", source = "mv", selection = "selected" }, { name = "od", version = "1.0.0", source = "od", selection = "selected" }, { name = "patchelf", version = "1.0.0", source = "patchelf", selection = "selected" }, { name = "readelf", version = "1.0.0", source = "readelf", selection = "selected" }, { name = "readlink", version = "1.0.0", source = "readlink", selection = "selected" }, { name = "rm", version = "1.0.0", source = "rm", selection = "selected" }, { name = "sed", version = "1.0.0", source = "sed", selection = "selected" }, { name = "sh", version = "1.0.0", source = "sh", selection = "selected" }, { name = "sort", version = "1.0.0", source = "sort", selection = "selected" }, { name = "touch", version = "1.0.0", source = "touch", selection = "selected" }, { name = "tr", version = "1.0.0", source = "tr", selection = "selected" }, { name = "wc", version = "1.0.0", source = "wc", selection = "selected" }]
deps = [{ name = "codetracer", path = "../codetracer", coord_kind = "vcs", url = "https://github.com/metacraft-labs/codetracer", ref = "agents", revision = "6920f90a604eada768f2e1b0a3cfcab3a604c385", integrity = "git-sha1:6920f90a604eada768f2e1b0a3cfcab3a604c385", version = "", visibility = "public", participation = "", depends = "", tags = "" }, { name = "codetracer-beam-recorder", path = "../codetracer-beam-recorder", coord_kind = "vcs", url = "https://github.com/metacraft-labs/codetracer-beam-recorder", ref = "agents", revision = "7be6346056dc6b0e6216dbd0c505c2fbf7a6a6d9", integrity = "git-sha1:7be6346056dc6b0e6216dbd0c505c2fbf7a6a6d9", version = "", visibility = "public", participation = "", depends = "", tags = "" }, { name = "codetracer-js-recorder", path = "../codetracer-js-recorder", coord_kind = "vcs", url = "https://github.com/metacraft-labs/codetracer-js-recorder", ref = "agents", revision = "c480cdb8df02d3d594a187dbf6e8ebc7737498e8", integrity = "git-sha1:c480cdb8df02d3d594a187dbf6e8ebc7737498e8", version = "", visibility = "public", participation = "", depends = "", tags = "" }, { name = "codetracer-launcher", path = "../codetracer-launcher", coord_kind = "vcs", url = "https://github.com/metacraft-labs/codetracer-launcher", ref = "agents", revision = "9efd35257d84113e35bbddbff9ed555da29aef3c", integrity = "git-sha1:9efd35257d84113e35bbddbff9ed555da29aef3c", version = "", visibility = "public", participation = "", depends = "", tags = "" }, { name = "codetracer-native-backend", path = "../codetracer-native-backend", coord_kind = "vcs", url = "https://github.com/metacraft-labs/codetracer-native-backend", ref = "agents", revision = "2340d09c99040a48664ebe510adba813a6e2ae45", integrity = "git-sha1:2340d09c99040a48664ebe510adba813a6e2ae45", version = "", visibility = "public", participation = "", depends = "", tags = "" }, { name = "codetracer-native-recorder", path = "../codetracer-native-recorder", coord_kind = "vcs", url = "https://github.com/metacraft-labs/codetracer-native-recorder", ref = "agents", revision = "a983f98f4bf9c16ea51ec56983736f17018144f7", integrity = "git-sha1:a983f98f4bf9c16ea51ec56983736f17018144f7", version = "", visibility = "public", participation = "", depends = "", tags = "" }, { name = "codetracer-python-recorder", path = "../codetracer-python-recorder", coord_kind = "vcs", url = "https://github.com/metacraft-labs/codetracer-python-recorder", ref = "agents", revision = "7410f415ece99125d820ae207b9d6716f20210f7", integrity = "git-sha1:7410f415ece99125d820ae207b9d6716f20210f7", version = "", visibility = "public", participation = "", depends = "", tags = "" }, { name = "codetracer-ruby-recorder", path = "../codetracer-ruby-recorder", coord_kind = "vcs", url = "https://github.com/metacraft-labs/codetracer-ruby-recorder", ref = "agents", revision = "7f171a21df1c5cc7abc189a03fa73cab99e503c7", integrity = "git-sha1:7f171a21df1c5cc7abc189a03fa73cab99e503c7", version = "", visibility = "public", participation = "", depends = "", tags = "" }, { name = "codetracer-test-mirror", path = "../codetracer-test-mirror", coord_kind = "vcs", url = "https://github.com/metacraft-labs/codetracer-test-mirror", ref = "agents", revision = "2bf9a6fcb8b0f34d321a692b44fdb851e3c5d3e7", integrity = "git-sha1:2bf9a6fcb8b0f34d321a692b44fdb851e3c5d3e7", version = "", visibility = "public", participation = "", depends = "", tags = "" }, { name = "codetracer-trace-format", path = "../codetracer-trace-format", coord_kind = "vcs", url = "https://github.com/metacraft-labs/codetracer-trace-format", ref = "agents", revision = "3fada0b03c3d1a0cbc7c35f278aa639028d702c5", integrity = "git-sha1:3fada0b03c3d1a0cbc7c35f278aa639028d702c5", version = "", visibility = "public", participation = "", depends = "", tags = "" }, { name = "codetracer-trace-format-nim", path = "../codetracer-trace-format-nim", coord_kind = "vcs", url = "https://github.com/metacraft-labs/codetracer-trace-format-nim", ref = "agents", revision = "051efd22b00ec3b88676fb07755a65c5a4ca8fde", integrity = "git-sha1:051efd22b00ec3b88676fb07755a65c5a4ca8fde", version = "", visibility = "public", participation = "", depends = "", tags = "" }, { name = "codetracer-visual-replay", path = "../codetracer-visual-replay", coord_kind = "vcs", url = "https://github.com/metacraft-labs/codetracer-visual-replay", ref = "agents", revision = "ce1bc07f0018a81edc41a180138ad06b723e5f5b", integrity = "git-sha1:ce1bc07f0018a81edc41a180138ad06b723e5f5b", version = "", visibility = "public", participation = "", depends = "", tags = "" }, { name = "codetracer-vscode-extension", path = "../codetracer-vscode-extension", coord_kind = "vcs", url = "https://github.com/metacraft-labs/codetracer-vscode-extension", ref = "agents", revision = "74acd8da810740b8184afea74592c58fc2ad9754", integrity = "git-sha1:74acd8da810740b8184afea74592c58fc2ad9754", version = "", visibility = "public", participation = "", depends = "", tags = "" }, { name = "codetracer-wasm-recorder", path = ".", coord_kind = "vcs", url = "https://github.com/metacraft-labs/codetracer-wasm-recorder", ref = "agents", revision = "815392aca22f44a686bd3dda396187ce43497585", integrity = "git-sha1:815392aca22f44a686bd3dda396187ce43497585", version = "", visibility = "public", participation = "", depends = "codetracer,codetracer-beam-recorder,codetracer-js-recorder,codetracer-launcher,codetracer-native-backend,codetracer-native-recorder,codetracer-python-recorder,codetracer-ruby-recorder,codetracer-test-mirror,codetracer-trace-format,codetracer-trace-format-nim,codetracer-visual-replay,codetracer-vscode-extension", tags = "" }]
